
Microsoft Visual Studio Solution File, Format Version 12.00
# Visual Studio Version 16
#
# This file was generated by MPC.  Any changes made directly to
# this file will be lost the next time it is generated.
#
# MPC Command:
# C:\Users\admin\Desktop\opendds\ACE_wrappers\bin\mwc.pl -type vs2019
Project("{8BC9CEB8-8B4A-11D0-8D11-00A0C91BC942}") = "Demo_Idl", "Demo_Idl.vcxproj", "{330EE9E1-FECA-1BAD-23BD-8A670000002E}"
EndProject
Project("{8BC9CEB8-8B4A-11D0-8D11-00A0C91BC942}") = "Demo_Publisher", "Demo_Publisher.vcxproj", "{2039B24C-FECA-1BAD-23BD-8A670000002E}"
	ProjectSection(ProjectDependencies) = postProject
		{330EE9E1-FECA-1BAD-23BD-8A670000002E} = {330EE9E1-FECA-1BAD-23BD-8A670000002E}
	EndProjectSection
EndProject
Project("{8BC9CEB8-8B4A-11D0-8D11-00A0C91BC942}") = "Demo_Subscriber", "Demo_Subscriber.vcxproj", "{07CB08A8-FECA-1BAD-23BD-8A670000002E}"
	ProjectSection(ProjectDependencies) = postProject
		{2039B24C-FECA-1BAD-23BD-8A670000002E} = {2039B24C-FECA-1BAD-23BD-8A670000002E}
	EndProjectSection
EndProject
Global
	GlobalSection(SolutionConfigurationPlatforms) = preSolution
		Debug|ARM = Debug|ARM
		Debug|ARM64 = Debug|ARM64
		Debug|Win32 = Debug|Win32
		Debug|x64 = Debug|x64
		Release|ARM = Release|ARM
		Release|ARM64 = Release|ARM64
		Release|Win32 = Release|Win32
		Release|x64 = Release|x64
	EndGlobalSection
	GlobalSection(ProjectConfigurationPlatforms) = postSolution
		{330EE9E1-FECA-1BAD-23BD-8A670000002E}.Debug|ARM.ActiveCfg = Debug|ARM
		{330EE9E1-FECA-1BAD-23BD-8A670000002E}.Debug|ARM.Build.0 = Debug|ARM
		{330EE9E1-FECA-1BAD-23BD-8A670000002E}.Debug|ARM64.ActiveCfg = Debug|ARM64
		{330EE9E1-FECA-1BAD-23BD-8A670000002E}.Debug|ARM64.Build.0 = Debug|ARM64
		{330EE9E1-FECA-1BAD-23BD-8A670000002E}.Debug|Win32.ActiveCfg = Debug|Win32
		{330EE9E1-FECA-1BAD-23BD-8A670000002E}.Debug|Win32.Build.0 = Debug|Win32
		{330EE9E1-FECA-1BAD-23BD-8A670000002E}.Debug|x64.ActiveCfg = Debug|x64
		{330EE9E1-FECA-1BAD-23BD-8A670000002E}.Debug|x64.Build.0 = Debug|x64
		{330EE9E1-FECA-1BAD-23BD-8A670000002E}.Release|ARM.ActiveCfg = Release|ARM
		{330EE9E1-FECA-1BAD-23BD-8A670000002E}.Release|ARM.Build.0 = Release|ARM
		{330EE9E1-FECA-1BAD-23BD-8A670000002E}.Release|ARM64.ActiveCfg = Release|ARM64
		{330EE9E1-FECA-1BAD-23BD-8A670000002E}.Release|ARM64.Build.0 = Release|ARM64
		{330EE9E1-FECA-1BAD-23BD-8A670000002E}.Release|Win32.ActiveCfg = Release|Win32
		{330EE9E1-FECA-1BAD-23BD-8A670000002E}.Release|Win32.Build.0 = Release|Win32
		{330EE9E1-FECA-1BAD-23BD-8A670000002E}.Release|x64.ActiveCfg = Release|x64
		{330EE9E1-FECA-1BAD-23BD-8A670000002E}.Release|x64.Build.0 = Release|x64
		{2039B24C-FECA-1BAD-23BD-8A670000002E}.Debug|ARM.ActiveCfg = Debug|ARM
		{2039B24C-FECA-1BAD-23BD-8A670000002E}.Debug|ARM.Build.0 = Debug|ARM
		{2039B24C-FECA-1BAD-23BD-8A670000002E}.Debug|ARM.Deploy.0 = Debug|ARM
		{2039B24C-FECA-1BAD-23BD-8A670000002E}.Debug|ARM64.ActiveCfg = Debug|ARM64
		{2039B24C-FECA-1BAD-23BD-8A670000002E}.Debug|ARM64.Build.0 = Debug|ARM64
		{2039B24C-FECA-1BAD-23BD-8A670000002E}.Debug|ARM64.Deploy.0 = Debug|ARM64
		{2039B24C-FECA-1BAD-23BD-8A670000002E}.Debug|Win32.ActiveCfg = Debug|Win32
		{2039B24C-FECA-1BAD-23BD-8A670000002E}.Debug|Win32.Build.0 = Debug|Win32
		{2039B24C-FECA-1BAD-23BD-8A670000002E}.Debug|x64.ActiveCfg = Debug|x64
		{2039B24C-FECA-1BAD-23BD-8A670000002E}.Debug|x64.Build.0 = Debug|x64
		{2039B24C-FECA-1BAD-23BD-8A670000002E}.Release|ARM.ActiveCfg = Release|ARM
		{2039B24C-FECA-1BAD-23BD-8A670000002E}.Release|ARM.Build.0 = Release|ARM
		{2039B24C-FECA-1BAD-23BD-8A670000002E}.Release|ARM.Deploy.0 = Release|ARM
		{2039B24C-FECA-1BAD-23BD-8A670000002E}.Release|ARM64.ActiveCfg = Release|ARM64
		{2039B24C-FECA-1BAD-23BD-8A670000002E}.Release|ARM64.Build.0 = Release|ARM64
		{2039B24C-FECA-1BAD-23BD-8A670000002E}.Release|ARM64.Deploy.0 = Release|ARM64
		{2039B24C-FECA-1BAD-23BD-8A670000002E}.Release|Win32.ActiveCfg = Release|Win32
		{2039B24C-FECA-1BAD-23BD-8A670000002E}.Release|Win32.Build.0 = Release|Win32
		{2039B24C-FECA-1BAD-23BD-8A670000002E}.Release|x64.ActiveCfg = Release|x64
		{2039B24C-FECA-1BAD-23BD-8A670000002E}.Release|x64.Build.0 = Release|x64
		{07CB08A8-FECA-1BAD-23BD-8A670000002E}.Debug|ARM.ActiveCfg = Debug|ARM
		{07CB08A8-FECA-1BAD-23BD-8A670000002E}.Debug|ARM.Build.0 = Debug|ARM
		{07CB08A8-FECA-1BAD-23BD-8A670000002E}.Debug|ARM.Deploy.0 = Debug|ARM
		{07CB08A8-FECA-1BAD-23BD-8A670000002E}.Debug|ARM64.ActiveCfg = Debug|ARM64
		{07CB08A8-FECA-1BAD-23BD-8A670000002E}.Debug|ARM64.Build.0 = Debug|ARM64
		{07CB08A8-FECA-1BAD-23BD-8A670000002E}.Debug|ARM64.Deploy.0 = Debug|ARM64
		{07CB08A8-FECA-1BAD-23BD-8A670000002E}.Debug|Win32.ActiveCfg = Debug|Win32
		{07CB08A8-FECA-1BAD-23BD-8A670000002E}.Debug|Win32.Build.0 = Debug|Win32
		{07CB08A8-FECA-1BAD-23BD-8A670000002E}.Debug|x64.ActiveCfg = Debug|x64
		{07CB08A8-FECA-1BAD-23BD-8A670000002E}.Debug|x64.Build.0 = Debug|x64
		{07CB08A8-FECA-1BAD-23BD-8A670000002E}.Release|ARM.ActiveCfg = Release|ARM
		{07CB08A8-FECA-1BAD-23BD-8A670000002E}.Release|ARM.Build.0 = Release|ARM
		{07CB08A8-FECA-1BAD-23BD-8A670000002E}.Release|ARM.Deploy.0 = Release|ARM
		{07CB08A8-FECA-1BAD-23BD-8A670000002E}.Release|ARM64.ActiveCfg = Release|ARM64
		{07CB08A8-FECA-1BAD-23BD-8A670000002E}.Release|ARM64.Build.0 = Release|ARM64
		{07CB08A8-FECA-1BAD-23BD-8A670000002E}.Release|ARM64.Deploy.0 = Release|ARM64
		{07CB08A8-FECA-1BAD-23BD-8A670000002E}.Release|Win32.ActiveCfg = Release|Win32
		{07CB08A8-FECA-1BAD-23BD-8A670000002E}.Release|Win32.Build.0 = Release|Win32
		{07CB08A8-FECA-1BAD-23BD-8A670000002E}.Release|x64.ActiveCfg = Release|x64
		{07CB08A8-FECA-1BAD-23BD-8A670000002E}.Release|x64.Build.0 = Release|x64
	EndGlobalSection
	GlobalSection(SolutionProperties) = preSolution
		HideSolutionNode = FALSE
	EndGlobalSection
EndGlobal
